github.com/fitzsimonsjl/vanilje v0.0.0-20250902090214-7d8a1f41c71c h1:j76q49nKCFOs5sIy6ybSk65ECHM7l0Vkse5IpLvqQBY=
github.com/fitzsimonsjl/vanilje v0.0.0-20250902090214-7d8a1f41c71c/go.mod h1:ndahQbr71KBIFgOWXogckpfH5feRZoZ4tvxq6t1+gQo=
github.com/fitzsimonsjl/vanilje v0.0.0-20250903202223-f5ddb2416cfb h1:Xbncz767WzB09xBQ+BHA4VTPThPceZQl/6Qn38vwfLE=
github.com/fitzsimonsjl/vanilje v0.0.0-20250903202223-f5ddb2416cfb/go.mod h1:ndahQbr71KBIFgOWXogckpfH5feRZoZ4tvxq6t1+gQo=
github.com/fitzsimonsjl/vanilje v0.0.0-20250903203051-0ca13051826c h1:C3/AjrE3F5Yob5PtZxP5Mo9GlB+dJe5LAgMlVv/Td3c=
github.com/fitzsimonsjl/vanilje v0.0.0-20250903203051-0ca13051826c/go.mod h1:ndahQbr71KBIFgOWXogckpfH5feRZoZ4tvxq6t1+gQo=
github.com/fitzsimonsjl/vanilje v0.0.0-20250903203814-ccc1581147dd h1:tbBJWIUB248y5D01dpTAWiGAZ7yR3OOnOIsAExMg7v8=
github.com/fitzsimonsjl/vanilje v0.0.0-20250903203814-ccc1581147dd/go.mod h1:ndahQbr71KBIFgOWXogckpfH5feRZoZ4tvxq6t1+gQo=
